// !$*UTF8*$!
{
	archiveVersion = 1;
	classes = {
	};
	objectVersion = 50;
	objects = {

/* Begin PBXBuildFile section */
		3A0935F420F05D9E00AFBB33 /* PlaceVC.swift in Sources */ = {isa = PBXBuildFile; fileRef = 3A0935F320F05D9E00AFBB33 /* PlaceVC.swift */; };
		3A0935F620F05E1E00AFBB33 /* PlaceTVCell.swift in Sources */ = {isa = PBXBuildFile; fileRef = 3A0935F520F05E1E00AFBB33 /* PlaceTVCell.swift */; };
		3A0935F820F05E3700AFBB33 /* InfoTitleTVCell.swift in Sources */ = {isa = PBXBuildFile; fileRef = 3A0935F720F05E3700AFBB33 /* InfoTitleTVCell.swift */; };
		3A0935FA20F05E4E00AFBB33 /* InfoMemoTVCell.swift in Sources */ = {isa = PBXBuildFile; fileRef = 3A0935F920F05E4E00AFBB33 /* InfoMemoTVCell.swift */; };
		3A0935FC20F05E8000AFBB33 /* InfoPriceTVCell.swift in Sources */ = {isa = PBXBuildFile; fileRef = 3A0935FB20F05E8000AFBB33 /* InfoPriceTVCell.swift */; };
		3A0935FE20F05E8A00AFBB33 /* InfoRouteTVCell.swift in Sources */ = {isa = PBXBuildFile; fileRef = 3A0935FD20F05E8A00AFBB33 /* InfoRouteTVCell.swift */; };
		3A09360420F0913500AFBB33 /* DateListVC.swift in Sources */ = {isa = PBXBuildFile; fileRef = 3A09360320F0913500AFBB33 /* DateListVC.swift */; };
		3A09360620F0914900AFBB33 /* DateListTVCell.swift in Sources */ = {isa = PBXBuildFile; fileRef = 3A09360520F0914900AFBB33 /* DateListTVCell.swift */; };
		3A4F8F9B20EF9CFD00B058B8 /* ReceivePlanTVCell1.swift in Sources */ = {isa = PBXBuildFile; fileRef = 3A4F8F9A20EF9CFD00B058B8 /* ReceivePlanTVCell1.swift */; };
		3A4F8F9D20EF9D0700B058B8 /* ReceivePlanTVCell2.swift in Sources */ = {isa = PBXBuildFile; fileRef = 3A4F8F9C20EF9D0700B058B8 /* ReceivePlanTVCell2.swift */; };
		3A4F8F9F20EFB05A00B058B8 /* SendPalnTVCell1.swift in Sources */ = {isa = PBXBuildFile; fileRef = 3A4F8F9E20EFB05A00B058B8 /* SendPalnTVCell1.swift */; };
		3A4F8FA120EFB06600B058B8 /* SendPalnTVCell2.swift in Sources */ = {isa = PBXBuildFile; fileRef = 3A4F8FA020EFB06600B058B8 /* SendPalnTVCell2.swift */; };
		503F17AD20ED20A8005FBA10 /* HomeDetailVC.swift in Sources */ = {isa = PBXBuildFile; fileRef = 503F17AC20ED20A8005FBA10 /* HomeDetailVC.swift */; };
		503F17AF20ED20FE005FBA10 /* HomeDetailTVCell.swift in Sources */ = {isa = PBXBuildFile; fileRef = 503F17AE20ED20FE005FBA10 /* HomeDetailTVCell.swift */; };
		503F17B220ED2276005FBA10 /* MoreExpertVC.swift in Sources */ = {isa = PBXBuildFile; fileRef = 503F17B120ED2276005FBA10 /* MoreExpertVC.swift */; };
		503F17B420ED22A2005FBA10 /* MoreExpertTVCell.swift in Sources */ = {isa = PBXBuildFile; fileRef = 503F17B320ED22A2005FBA10 /* MoreExpertTVCell.swift */; };
		503F17B820ED22E5005FBA10 /* MoreApplyVC.swift in Sources */ = {isa = PBXBuildFile; fileRef = 503F17B720ED22E5005FBA10 /* MoreApplyVC.swift */; };
		503F17BA20ED230A005FBA10 /* MoreApplyTVCell.swift in Sources */ = {isa = PBXBuildFile; fileRef = 503F17B920ED230A005FBA10 /* MoreApplyTVCell.swift */; };
		503F541B20E9D50D00F85074 /* MainVC.swift in Sources */ = {isa = PBXBuildFile; fileRef = 503F541A20E9D50D00F85074 /* MainVC.swift */; };
		503F541D20E9FF0600F85074 /* ToggleButton.swift in Sources */ = {isa = PBXBuildFile; fileRef = 503F541C20E9FF0600F85074 /* ToggleButton.swift */; };
		503F541F20E9FFD300F85074 /* JoinVC.swift in Sources */ = {isa = PBXBuildFile; fileRef = 503F541E20E9FFD300F85074 /* JoinVC.swift */; };
		503F542420EA07E400F85074 /* Sub.storyboard in Resources */ = {isa = PBXBuildFile; fileRef = 503F542320EA07E400F85074 /* Sub.storyboard */; };
		503F542620EA088100F85074 /* HomeVC.swift in Sources */ = {isa = PBXBuildFile; fileRef = 503F542520EA088100F85074 /* HomeVC.swift */; };
		503F542820EA088C00F85074 /* FavoriteVC.swift in Sources */ = {isa = PBXBuildFile; fileRef = 503F542720EA088C00F85074 /* FavoriteVC.swift */; };
		503F542A20EA0A4000F85074 /* ReceivePlanVC.swift in Sources */ = {isa = PBXBuildFile; fileRef = 503F542920EA0A4000F85074 /* ReceivePlanVC.swift */; };
		503F542C20EA0AC500F85074 /* SendPlanVC.swift in Sources */ = {isa = PBXBuildFile; fileRef = 503F542B20EA0AC500F85074 /* SendPlanVC.swift */; };
		503F542E20EA0B0700F85074 /* MyPageVC.swift in Sources */ = {isa = PBXBuildFile; fileRef = 503F542D20EA0B0700F85074 /* MyPageVC.swift */; };
		503F543120EA151400F85074 /* ExploreVC.swift in Sources */ = {isa = PBXBuildFile; fileRef = 503F543020EA151400F85074 /* ExploreVC.swift */; };
		50467FB420EDC0F800943BB8 /* Assets.xcassets in Resources */ = {isa = PBXBuildFile; fileRef = 50467FB320EDC0F800943BB8 /* Assets.xcassets */; };
		50467FB720EDF7BA00943BB8 /* CountryVO.swift in Sources */ = {isa = PBXBuildFile; fileRef = 50467FB620EDF7BA00943BB8 /* CountryVO.swift */; };
		50467FB920EE0B4300943BB8 /* PopUpFilterVC.swift in Sources */ = {isa = PBXBuildFile; fileRef = 50467FB820EE0B4300943BB8 /* PopUpFilterVC.swift */; };
		50467FBC20EE4FB600943BB8 /* HttpResponseCode.swift in Sources */ = {isa = PBXBuildFile; fileRef = 50467FBB20EE4FB600943BB8 /* HttpResponseCode.swift */; };
		50467FBE20EE4FCB00943BB8 /* enums.swift in Sources */ = {isa = PBXBuildFile; fileRef = 50467FBD20EE4FCB00943BB8 /* enums.swift */; };
		50467FC520EF38AE00943BB8 /* ExpertDetailVC.swift in Sources */ = {isa = PBXBuildFile; fileRef = 50467FC420EF38AE00943BB8 /* ExpertDetailVC.swift */; };
		50467FD120EF600700943BB8 /* ExpertApplyTVCell1.swift in Sources */ = {isa = PBXBuildFile; fileRef = 50467FC720EF600500943BB8 /* ExpertApplyTVCell1.swift */; };
		50467FD220EF600700943BB8 /* ShowApplyTVCell1.swift in Sources */ = {isa = PBXBuildFile; fileRef = 50467FC820EF600500943BB8 /* ShowApplyTVCell1.swift */; };
		50467FD320EF600700943BB8 /* ShowApplyVC.swift in Sources */ = {isa = PBXBuildFile; fileRef = 50467FC920EF600500943BB8 /* ShowApplyVC.swift */; };
		50467FD420EF600700943BB8 /* WriteApplyTVCell2.swift in Sources */ = {isa = PBXBuildFile; fileRef = 50467FCA20EF600600943BB8 /* WriteApplyTVCell2.swift */; };
		50467FD520EF600700943BB8 /* ExpertApplyTVCell2.swift in Sources */ = {isa = PBXBuildFile; fileRef = 50467FCB20EF600600943BB8 /* ExpertApplyTVCell2.swift */; };
		50467FD620EF600700943BB8 /* ExpertApplyTVCell3.swift in Sources */ = {isa = PBXBuildFile; fileRef = 50467FCC20EF600600943BB8 /* ExpertApplyTVCell3.swift */; };
		50467FD720EF600700943BB8 /* WriteApplyTVCell1.swift in Sources */ = {isa = PBXBuildFile; fileRef = 50467FCD20EF600600943BB8 /* WriteApplyTVCell1.swift */; };
		50467FD820EF600700943BB8 /* WriteApplyVC.swift in Sources */ = {isa = PBXBuildFile; fileRef = 50467FCE20EF600600943BB8 /* WriteApplyVC.swift */; };
		50467FD920EF600700943BB8 /* ExpertApplyVC.swift in Sources */ = {isa = PBXBuildFile; fileRef = 50467FCF20EF600600943BB8 /* ExpertApplyVC.swift */; };
		50467FDA20EF600700943BB8 /* ShowApplyTVCell2.swift in Sources */ = {isa = PBXBuildFile; fileRef = 50467FD020EF600700943BB8 /* ShowApplyTVCell2.swift */; };
		5051E97620EBD48700CFFB5C /* HomeTVCell.swift in Sources */ = {isa = PBXBuildFile; fileRef = 5051E97520EBD48700CFFB5C /* HomeTVCell.swift */; };
		5051E97920EBD52600CFFB5C /* HomeCVCell.swift in Sources */ = {isa = PBXBuildFile; fileRef = 5051E97820EBD52600CFFB5C /* HomeCVCell.swift */; };
		5051E97B20EBD71100CFFB5C /* HomeTVHCell.swift in Sources */ = {isa = PBXBuildFile; fileRef = 5051E97A20EBD71000CFFB5C /* HomeTVHCell.swift */; };
		5051E9A220EC923300CFFB5C /* FavoriteTVCell.swift in Sources */ = {isa = PBXBuildFile; fileRef = 5051E9A120EC923300CFFB5C /* FavoriteTVCell.swift */; };
		5051E9A420EC924B00CFFB5C /* FavoriteCVCell.swift in Sources */ = {isa = PBXBuildFile; fileRef = 5051E9A320EC924B00CFFB5C /* FavoriteCVCell.swift */; };
		505E418E20E8636600D769C9 /* AppDelegate.swift in Sources */ = {isa = PBXBuildFile; fileRef = 505E418D20E8636600D769C9 /* AppDelegate.swift */; };
		505E419320E8636600D769C9 /* Main.storyboard in Resources */ = {isa = PBXBuildFile; fileRef = 505E419120E8636600D769C9 /* Main.storyboard */; };
		505E419820E8636700D769C9 /* LaunchScreen.storyboard in Resources */ = {isa = PBXBuildFile; fileRef = 505E419620E8636700D769C9 /* LaunchScreen.storyboard */; };
		50601F5020EA8982008C95DA /* NotoSansKR-Regular.otf in Resources */ = {isa = PBXBuildFile; fileRef = 50601F4D20EA8980008C95DA /* NotoSansKR-Regular.otf */; };
		50601F5120EA8982008C95DA /* NotoSansKR-Thin-Windows.otf in Resources */ = {isa = PBXBuildFile; fileRef = 50601F4E20EA8980008C95DA /* NotoSansKR-Thin-Windows.otf */; };
		50601F5220EA8982008C95DA /* NotoSansKR-Medium.otf in Resources */ = {isa = PBXBuildFile; fileRef = 50601F4F20EA8981008C95DA /* NotoSansKR-Medium.otf */; };
		50E80A8020EB5C2B00B427A3 /* ExtensionControl.swift in Sources */ = {isa = PBXBuildFile; fileRef = 50E80A7F20EB5C2B00B427A3 /* ExtensionControl.swift */; };
		50E80A8220EB5FD600B427A3 /* APIService.swift in Sources */ = {isa = PBXBuildFile; fileRef = 50E80A8120EB5FD600B427A3 /* APIService.swift */; };
		70B5D3C850033F980F5B0A09 /* Pods_TravelMaker.framework in Frameworks */ = {isa = PBXBuildFile; fileRef = CCAEC46EC447B3F7D2DACE37 /* Pods_TravelMaker.framework */; };
/* End PBXBuildFile section */

/* Begin PBXFileReference section */
		1BDAEB0AF36657CC7A79C3A7 /* Pods-TravelMaker.release.xcconfig */ = {isa = PBXFileReference; includeInIndex = 1; lastKnownFileType = text.xcconfig; name = "Pods-TravelMaker.release.xcconfig"; path = "Pods/Target Support Files/Pods-TravelMaker/Pods-TravelMaker.release.xcconfig"; sourceTree = "<group>"; };
		2600F68A9D0110ABCF8A06B2 /* Pods-TravelMaker.debug.xcconfig */ = {isa = PBXFileReference; includeInIndex = 1; lastKnownFileType = text.xcconfig; name = "Pods-TravelMaker.debug.xcconfig"; path = "Pods/Target Support Files/Pods-TravelMaker/Pods-TravelMaker.debug.xcconfig"; sourceTree = "<group>"; };
		3A0935F320F05D9E00AFBB33 /* PlaceVC.swift */ = {isa = PBXFileReference; lastKnownFileType = sourcecode.swift; path = PlaceVC.swift; sourceTree = "<group>"; };
		3A0935F520F05E1E00AFBB33 /* PlaceTVCell.swift */ = {isa = PBXFileReference; lastKnownFileType = sourcecode.swift; path = PlaceTVCell.swift; sourceTree = "<group>"; };
		3A0935F720F05E3700AFBB33 /* InfoTitleTVCell.swift */ = {isa = PBXFileReference; lastKnownFileType = sourcecode.swift; path = InfoTitleTVCell.swift; sourceTree = "<group>"; };
		3A0935F920F05E4E00AFBB33 /* InfoMemoTVCell.swift */ = {isa = PBXFileReference; lastKnownFileType = sourcecode.swift; path = InfoMemoTVCell.swift; sourceTree = "<group>"; };
		3A0935FB20F05E8000AFBB33 /* InfoPriceTVCell.swift */ = {isa = PBXFileReference; lastKnownFileType = sourcecode.swift; path = InfoPriceTVCell.swift; sourceTree = "<group>"; };
		3A0935FD20F05E8A00AFBB33 /* InfoRouteTVCell.swift */ = {isa = PBXFileReference; lastKnownFileType = sourcecode.swift; path = InfoRouteTVCell.swift; sourceTree = "<group>"; };
		3A09360320F0913500AFBB33 /* DateListVC.swift */ = {isa = PBXFileReference; lastKnownFileType = sourcecode.swift; path = DateListVC.swift; sourceTree = "<group>"; };
		3A09360520F0914900AFBB33 /* DateListTVCell.swift */ = {isa = PBXFileReference; lastKnownFileType = sourcecode.swift; path = DateListTVCell.swift; sourceTree = "<group>"; };
		3A4F8F9A20EF9CFD00B058B8 /* ReceivePlanTVCell1.swift */ = {isa = PBXFileReference; lastKnownFileType = sourcecode.swift; path = ReceivePlanTVCell1.swift; sourceTree = "<group>"; };
		3A4F8F9C20EF9D0700B058B8 /* ReceivePlanTVCell2.swift */ = {isa = PBXFileReference; lastKnownFileType = sourcecode.swift; path = ReceivePlanTVCell2.swift; sourceTree = "<group>"; };
		3A4F8F9E20EFB05A00B058B8 /* SendPalnTVCell1.swift */ = {isa = PBXFileReference; lastKnownFileType = sourcecode.swift; path = SendPalnTVCell1.swift; sourceTree = "<group>"; };
		3A4F8FA020EFB06600B058B8 /* SendPalnTVCell2.swift */ = {isa = PBXFileReference; lastKnownFileType = sourcecode.swift; path = SendPalnTVCell2.swift; sourceTree = "<group>"; };
		503F17AC20ED20A8005FBA10 /* HomeDetailVC.swift */ = {isa = PBXFileReference; lastKnownFileType = sourcecode.swift; path = HomeDetailVC.swift; sourceTree = "<group>"; };
		503F17AE20ED20FE005FBA10 /* HomeDetailTVCell.swift */ = {isa = PBXFileReference; lastKnownFileType = sourcecode.swift; path = HomeDetailTVCell.swift; sourceTree = "<group>"; };
		503F17B120ED2276005FBA10 /* MoreExpertVC.swift */ = {isa = PBXFileReference; lastKnownFileType = sourcecode.swift; path = MoreExpertVC.swift; sourceTree = "<group>"; };
		503F17B320ED22A2005FBA10 /* MoreExpertTVCell.swift */ = {isa = PBXFileReference; lastKnownFileType = sourcecode.swift; path = MoreExpertTVCell.swift; sourceTree = "<group>"; };
		503F17B720ED22E5005FBA10 /* MoreApplyVC.swift */ = {isa = PBXFileReference; lastKnownFileType = sourcecode.swift; path = MoreApplyVC.swift; sourceTree = "<group>"; };
		503F17B920ED230A005FBA10 /* MoreApplyTVCell.swift */ = {isa = PBXFileReference; lastKnownFileType = sourcecode.swift; path = MoreApplyTVCell.swift; sourceTree = "<group>"; };
		503F541A20E9D50D00F85074 /* MainVC.swift */ = {isa = PBXFileReference; lastKnownFileType = sourcecode.swift; path = MainVC.swift; sourceTree = "<group>"; };
		503F541C20E9FF0600F85074 /* ToggleButton.swift */ = {isa = PBXFileReference; lastKnownFileType = sourcecode.swift; name = ToggleButton.swift; path = UI/ToggleButton.swift; sourceTree = SOURCE_ROOT; };
		503F541E20E9FFD300F85074 /* JoinVC.swift */ = {isa = PBXFileReference; lastKnownFileType = sourcecode.swift; path = JoinVC.swift; sourceTree = "<group>"; };
		503F542320EA07E400F85074 /* Sub.storyboard */ = {isa = PBXFileReference; lastKnownFileType = file.storyboard; path = Sub.storyboard; sourceTree = "<group>"; };
		503F542520EA088100F85074 /* HomeVC.swift */ = {isa = PBXFileReference; lastKnownFileType = sourcecode.swift; path = HomeVC.swift; sourceTree = "<group>"; };
		503F542720EA088C00F85074 /* FavoriteVC.swift */ = {isa = PBXFileReference; lastKnownFileType = sourcecode.swift; path = FavoriteVC.swift; sourceTree = "<group>"; };
		503F542920EA0A4000F85074 /* ReceivePlanVC.swift */ = {isa = PBXFileReference; lastKnownFileType = sourcecode.swift; path = ReceivePlanVC.swift; sourceTree = "<group>"; };
		503F542B20EA0AC500F85074 /* SendPlanVC.swift */ = {isa = PBXFileReference; lastKnownFileType = sourcecode.swift; path = SendPlanVC.swift; sourceTree = "<group>"; };
		503F542D20EA0B0700F85074 /* MyPageVC.swift */ = {isa = PBXFileReference; lastKnownFileType = sourcecode.swift; path = MyPageVC.swift; sourceTree = "<group>"; };
		503F543020EA151400F85074 /* ExploreVC.swift */ = {isa = PBXFileReference; lastKnownFileType = sourcecode.swift; path = ExploreVC.swift; sourceTree = "<group>"; };
		50467FB320EDC0F800943BB8 /* Assets.xcassets */ = {isa = PBXFileReference; lastKnownFileType = folder.assetcatalog; path = Assets.xcassets; sourceTree = "<group>"; };
		50467FB620EDF7BA00943BB8 /* CountryVO.swift */ = {isa = PBXFileReference; lastKnownFileType = sourcecode.swift; path = CountryVO.swift; sourceTree = "<group>"; };
		50467FB820EE0B4300943BB8 /* PopUpFilterVC.swift */ = {isa = PBXFileReference; lastKnownFileType = sourcecode.swift; path = PopUpFilterVC.swift; sourceTree = "<group>"; };
		50467FBB20EE4FB600943BB8 /* HttpResponseCode.swift */ = {isa = PBXFileReference; lastKnownFileType = sourcecode.swift; path = HttpResponseCode.swift; sourceTree = "<group>"; };
		50467FBD20EE4FCB00943BB8 /* enums.swift */ = {isa = PBXFileReference; lastKnownFileType = sourcecode.swift; path = enums.swift; sourceTree = "<group>"; };
		50467FC420EF38AE00943BB8 /* ExpertDetailVC.swift */ = {isa = PBXFileReference; lastKnownFileType = sourcecode.swift; path = ExpertDetailVC.swift; sourceTree = "<group>"; };
		50467FC720EF600500943BB8 /* ExpertApplyTVCell1.swift */ = {isa = PBXFileReference; fileEncoding = 4; lastKnownFileType = sourcecode.swift; path = ExpertApplyTVCell1.swift; sourceTree = "<group>"; };
		50467FC820EF600500943BB8 /* ShowApplyTVCell1.swift */ = {isa = PBXFileReference; fileEncoding = 4; lastKnownFileType = sourcecode.swift; path = ShowApplyTVCell1.swift; sourceTree = "<group>"; };
		50467FC920EF600500943BB8 /* ShowApplyVC.swift */ = {isa = PBXFileReference; fileEncoding = 4; lastKnownFileType = sourcecode.swift; path = ShowApplyVC.swift; sourceTree = "<group>"; };
		50467FCA20EF600600943BB8 /* WriteApplyTVCell2.swift */ = {isa = PBXFileReference; fileEncoding = 4; lastKnownFileType = sourcecode.swift; path = WriteApplyTVCell2.swift; sourceTree = "<group>"; };
		50467FCB20EF600600943BB8 /* ExpertApplyTVCell2.swift */ = {isa = PBXFileReference; fileEncoding = 4; lastKnownFileType = sourcecode.swift; path = ExpertApplyTVCell2.swift; sourceTree = "<group>"; };
		50467FCC20EF600600943BB8 /* ExpertApplyTVCell3.swift */ = {isa = PBXFileReference; fileEncoding = 4; lastKnownFileType = sourcecode.swift; path = ExpertApplyTVCell3.swift; sourceTree = "<group>"; };
		50467FCD20EF600600943BB8 /* WriteApplyTVCell1.swift */ = {isa = PBXFileReference; fileEncoding = 4; lastKnownFileType = sourcecode.swift; path = WriteApplyTVCell1.swift; sourceTree = "<group>"; };
		50467FCE20EF600600943BB8 /* WriteApplyVC.swift */ = {isa = PBXFileReference; fileEncoding = 4; lastKnownFileType = sourcecode.swift; path = WriteApplyVC.swift; sourceTree = "<group>"; };
		50467FCF20EF600600943BB8 /* ExpertApplyVC.swift */ = {isa = PBXFileReference; fileEncoding = 4; lastKnownFileType = sourcecode.swift; path = ExpertApplyVC.swift; sourceTree = "<group>"; };
		50467FD020EF600700943BB8 /* ShowApplyTVCell2.swift */ = {isa = PBXFileReference; fileEncoding = 4; lastKnownFileType = sourcecode.swift; path = ShowApplyTVCell2.swift; sourceTree = "<group>"; };
		5051E97520EBD48700CFFB5C /* HomeTVCell.swift */ = {isa = PBXFileReference; lastKnownFileType = sourcecode.swift; path = HomeTVCell.swift; sourceTree = "<group>"; };
		5051E97820EBD52600CFFB5C /* HomeCVCell.swift */ = {isa = PBXFileReference; lastKnownFileType = sourcecode.swift; path = HomeCVCell.swift; sourceTree = "<group>"; };
		5051E97A20EBD71000CFFB5C /* HomeTVHCell.swift */ = {isa = PBXFileReference; lastKnownFileType = sourcecode.swift; path = HomeTVHCell.swift; sourceTree = "<group>"; };
		5051E9A120EC923300CFFB5C /* FavoriteTVCell.swift */ = {isa = PBXFileReference; lastKnownFileType = sourcecode.swift; path = FavoriteTVCell.swift; sourceTree = "<group>"; };
		5051E9A320EC924B00CFFB5C /* FavoriteCVCell.swift */ = {isa = PBXFileReference; lastKnownFileType = sourcecode.swift; path = FavoriteCVCell.swift; sourceTree = "<group>"; };
		505E418A20E8636600D769C9 /* TravelMaker.app */ = {isa = PBXFileReference; explicitFileType = wrapper.application; includeInIndex = 0; path = TravelMaker.app; sourceTree = BUILT_PRODUCTS_DIR; };
		505E418D20E8636600D769C9 /* AppDelegate.swift */ = {isa = PBXFileReference; lastKnownFileType = sourcecode.swift; path = AppDelegate.swift; sourceTree = "<group>"; };
		505E419220E8636600D769C9 /* Base */ = {isa = PBXFileReference; lastKnownFileType = file.storyboard; name = Base; path = Base.lproj/Main.storyboard; sourceTree = "<group>"; };
		505E419720E8636700D769C9 /* Base */ = {isa = PBXFileReference; lastKnownFileType = file.storyboard; name = Base; path = Base.lproj/LaunchScreen.storyboard; sourceTree = "<group>"; };
		505E419920E8636700D769C9 /* Info.plist */ = {isa = PBXFileReference; lastKnownFileType = text.plist.xml; path = Info.plist; sourceTree = "<group>"; };
		50601F4D20EA8980008C95DA /* NotoSansKR-Regular.otf */ = {isa = PBXFileReference; lastKnownFileType = file; path = "NotoSansKR-Regular.otf"; sourceTree = "<group>"; };
		50601F4E20EA8980008C95DA /* NotoSansKR-Thin-Windows.otf */ = {isa = PBXFileReference; lastKnownFileType = file; path = "NotoSansKR-Thin-Windows.otf"; sourceTree = "<group>"; };
		50601F4F20EA8981008C95DA /* NotoSansKR-Medium.otf */ = {isa = PBXFileReference; lastKnownFileType = file; path = "NotoSansKR-Medium.otf"; sourceTree = "<group>"; };
		50E80A7F20EB5C2B00B427A3 /* ExtensionControl.swift */ = {isa = PBXFileReference; lastKnownFileType = sourcecode.swift; name = ExtensionControl.swift; path = Function/ExtensionControl.swift; sourceTree = SOURCE_ROOT; };
		50E80A8120EB5FD600B427A3 /* APIService.swift */ = {isa = PBXFileReference; lastKnownFileType = sourcecode.swift; name = APIService.swift; path = Function/APIService.swift; sourceTree = SOURCE_ROOT; };
		CCAEC46EC447B3F7D2DACE37 /* Pods_TravelMaker.framework */ = {isa = PBXFileReference; explicitFileType = wrapper.framework; includeInIndex = 0; path = Pods_TravelMaker.framework; sourceTree = BUILT_PRODUCTS_DIR; };
/* End PBXFileReference section */

/* Begin PBXFrameworksBuildPhase section */
		505E418720E8636600D769C9 /* Frameworks */ = {
			isa = PBXFrameworksBuildPhase;
			buildActionMask = 2147483647;
			files = (
				70B5D3C850033F980F5B0A09 /* Pods_TravelMaker.framework in Frameworks */,
			);
			runOnlyForDeploymentPostprocessing = 0;
		};
/* End PBXFrameworksBuildPhase section */

/* Begin PBXGroup section */
		10B2BCE69A0550A9F6E4B86D /* Frameworks */ = {
			isa = PBXGroup;
			children = (
				CCAEC46EC447B3F7D2DACE37 /* Pods_TravelMaker.framework */,
			);
			name = Frameworks;
			sourceTree = "<group>";
		};
		151B5146A00D5361A727E3BB /* Pods */ = {
			isa = PBXGroup;
			children = (
				2600F68A9D0110ABCF8A06B2 /* Pods-TravelMaker.debug.xcconfig */,
				1BDAEB0AF36657CC7A79C3A7 /* Pods-TravelMaker.release.xcconfig */,
			);
			name = Pods;
			sourceTree = "<group>";
		};
		3A0935F220F05D6000AFBB33 /* Plan */ = {
			isa = PBXGroup;
			children = (
				3A09360020F090F300AFBB33 /* DateList */,
				3A0935FF20F090E100AFBB33 /* Place */,
			);
			path = Plan;
			sourceTree = "<group>";
		};
		3A0935FF20F090E100AFBB33 /* Place */ = {
			isa = PBXGroup;
			children = (
				3A0935F320F05D9E00AFBB33 /* PlaceVC.swift */,
				3A0935F520F05E1E00AFBB33 /* PlaceTVCell.swift */,
				3A0935F720F05E3700AFBB33 /* InfoTitleTVCell.swift */,
				3A0935F920F05E4E00AFBB33 /* InfoMemoTVCell.swift */,
				3A0935FB20F05E8000AFBB33 /* InfoPriceTVCell.swift */,
				3A0935FD20F05E8A00AFBB33 /* InfoRouteTVCell.swift */,
			);
			path = Place;
			sourceTree = "<group>";
		};
		3A09360020F090F300AFBB33 /* DateList */ = {
			isa = PBXGroup;
			children = (
				3A09360320F0913500AFBB33 /* DateListVC.swift */,
				3A09360520F0914900AFBB33 /* DateListTVCell.swift */,
			);
			path = DateList;
			sourceTree = "<group>";
		};
		5007452220E8768D001394A7 /* ViewController */ = {
			isa = PBXGroup;
			children = (
				3A0935F220F05D6000AFBB33 /* Plan */,
				503F541A20E9D50D00F85074 /* MainVC.swift */,
				503F541E20E9FFD300F85074 /* JoinVC.swift */,
				50467FC420EF38AE00943BB8 /* ExpertDetailVC.swift */,
				503F542F20EA127600F85074 /* Tabbar Controller */,
				50467FC620EF5FD600943BB8 /* Apply */,
			);
			path = ViewController;
			sourceTree = "<group>";
		};
		5007452320E876A3001394A7 /* Storyboard */ = {
			isa = PBXGroup;
			children = (
				505E419120E8636600D769C9 /* Main.storyboard */,
				503F542320EA07E400F85074 /* Sub.storyboard */,
				505E419620E8636700D769C9 /* LaunchScreen.storyboard */,
			);
			path = Storyboard;
			sourceTree = "<group>";
		};
		5007452420E876CC001394A7 /* Util */ = {
			isa = PBXGroup;
			children = (
				50467FB520EDF7A900943BB8 /* Data */,
				5007452820E876EF001394A7 /* Function */,
				5007452720E876EA001394A7 /* UI */,
				5007452620E876E2001394A7 /* Service */,
				5007452520E876D9001394A7 /* Model */,
			);
			path = Util;
			sourceTree = "<group>";
		};
		5007452520E876D9001394A7 /* Model */ = {
			isa = PBXGroup;
			children = (
				50E80A8120EB5FD600B427A3 /* APIService.swift */,
			);
			path = Model;
			sourceTree = "<group>";
		};
		5007452620E876E2001394A7 /* Service */ = {
			isa = PBXGroup;
			children = (
			);
			path = Service;
			sourceTree = "<group>";
		};
		5007452720E876EA001394A7 /* UI */ = {
			isa = PBXGroup;
			children = (
				503F541C20E9FF0600F85074 /* ToggleButton.swift */,
			);
			path = UI;
			sourceTree = "<group>";
		};
		5007452820E876EF001394A7 /* Function */ = {
			isa = PBXGroup;
			children = (
				50E80A7F20EB5C2B00B427A3 /* ExtensionControl.swift */,
			);
			path = Function;
			sourceTree = "<group>";
		};
		503F17AA20ED2066005FBA10 /* Home */ = {
			isa = PBXGroup;
			children = (
				503F542520EA088100F85074 /* HomeVC.swift */,
				5051E97520EBD48700CFFB5C /* HomeTVCell.swift */,
				5051E97A20EBD71000CFFB5C /* HomeTVHCell.swift */,
				5051E97820EBD52600CFFB5C /* HomeCVCell.swift */,
			);
			path = Home;
			sourceTree = "<group>";
		};
		503F17AB20ED207C005FBA10 /* HomeDetail */ = {
			isa = PBXGroup;
			children = (
				503F17AC20ED20A8005FBA10 /* HomeDetailVC.swift */,
				503F17AE20ED20FE005FBA10 /* HomeDetailTVCell.swift */,
			);
			path = HomeDetail;
			sourceTree = "<group>";
		};
		503F17B020ED21FD005FBA10 /* More */ = {
			isa = PBXGroup;
			children = (
				50467FB820EE0B4300943BB8 /* PopUpFilterVC.swift */,
				503F17B120ED2276005FBA10 /* MoreExpertVC.swift */,
				503F17B320ED22A2005FBA10 /* MoreExpertTVCell.swift */,
				503F17B720ED22E5005FBA10 /* MoreApplyVC.swift */,
				503F17B920ED230A005FBA10 /* MoreApplyTVCell.swift */,
			);
			path = More;
			sourceTree = "<group>";
		};
		503F17BB20ED233E005FBA10 /* ReceiveTab */ = {
			isa = PBXGroup;
			children = (
				503F542920EA0A4000F85074 /* ReceivePlanVC.swift */,
				3A4F8F9A20EF9CFD00B058B8 /* ReceivePlanTVCell1.swift */,
				3A4F8F9C20EF9D0700B058B8 /* ReceivePlanTVCell2.swift */,
			);
			path = ReceiveTab;
			sourceTree = "<group>";
		};
		503F17BC20ED235A005FBA10 /* SendTab */ = {
			isa = PBXGroup;
			children = (
				503F542B20EA0AC500F85074 /* SendPlanVC.swift */,
				3A4F8F9E20EFB05A00B058B8 /* SendPalnTVCell1.swift */,
				3A4F8FA020EFB06600B058B8 /* SendPalnTVCell2.swift */,
			);
			path = SendTab;
			sourceTree = "<group>";
		};
		503F17BD20ED2375005FBA10 /* MyPageTab */ = {
			isa = PBXGroup;
			children = (
				503F542D20EA0B0700F85074 /* MyPageVC.swift */,
			);
			path = MyPageTab;
			sourceTree = "<group>";
		};
		503F542F20EA127600F85074 /* Tabbar Controller */ = {
			isa = PBXGroup;
			children = (
				5051E97720EBD4CE00CFFB5C /* HomeTab */,
				5051E9A020EC8F5600CFFB5C /* FavoriteTab */,
				503F17BB20ED233E005FBA10 /* ReceiveTab */,
				503F17BC20ED235A005FBA10 /* SendTab */,
				503F17BD20ED2375005FBA10 /* MyPageTab */,
			);
			path = "Tabbar Controller";
			sourceTree = "<group>";
		};
		503F543220EA4E4000F85074 /* Resources */ = {
			isa = PBXGroup;
			children = (
				50467FB320EDC0F800943BB8 /* Assets.xcassets */,
				50601F4F20EA8981008C95DA /* NotoSansKR-Medium.otf */,
				50601F4D20EA8980008C95DA /* NotoSansKR-Regular.otf */,
				50601F4E20EA8980008C95DA /* NotoSansKR-Thin-Windows.otf */,
			);
			path = Resources;
			sourceTree = "<group>";
		};
		50467FB520EDF7A900943BB8 /* Data */ = {
			isa = PBXGroup;
			children = (
				50467FBA20EE4F8F00943BB8 /* singleton */,
				50467FB620EDF7BA00943BB8 /* CountryVO.swift */,
			);
			path = Data;
			sourceTree = "<group>";
		};
		50467FBA20EE4F8F00943BB8 /* singleton */ = {
			isa = PBXGroup;
			children = (
				50467FBB20EE4FB600943BB8 /* HttpResponseCode.swift */,
				50467FBD20EE4FCB00943BB8 /* enums.swift */,
			);
			path = singleton;
			sourceTree = "<group>";
		};
		50467FC620EF5FD600943BB8 /* Apply */ = {
			isa = PBXGroup;
			children = (
				50467FDB20EF625400943BB8 /* Write */,
				50467FDE20EF627600943BB8 /* Show */,
				50467FDD20EF626800943BB8 /* Expert */,
			);
			path = Apply;
			sourceTree = "<group>";
		};
		50467FDB20EF625400943BB8 /* Write */ = {
			isa = PBXGroup;
			children = (
				50467FCE20EF600600943BB8 /* WriteApplyVC.swift */,
				50467FCD20EF600600943BB8 /* WriteApplyTVCell1.swift */,
				50467FCA20EF600600943BB8 /* WriteApplyTVCell2.swift */,
			);
			path = Write;
			sourceTree = "<group>";
		};
		50467FDD20EF626800943BB8 /* Expert */ = {
			isa = PBXGroup;
			children = (
				50467FCF20EF600600943BB8 /* ExpertApplyVC.swift */,
				50467FC720EF600500943BB8 /* ExpertApplyTVCell1.swift */,
				50467FCB20EF600600943BB8 /* ExpertApplyTVCell2.swift */,
				50467FCC20EF600600943BB8 /* ExpertApplyTVCell3.swift */,
			);
			path = Expert;
			sourceTree = "<group>";
		};
		50467FDE20EF627600943BB8 /* Show */ = {
			isa = PBXGroup;
			children = (
				50467FC920EF600500943BB8 /* ShowApplyVC.swift */,
				50467FC820EF600500943BB8 /* ShowApplyTVCell1.swift */,
				50467FD020EF600700943BB8 /* ShowApplyTVCell2.swift */,
			);
			path = Show;
			sourceTree = "<group>";
		};
		5051E97720EBD4CE00CFFB5C /* HomeTab */ = {
			isa = PBXGroup;
			children = (
				503F543020EA151400F85074 /* ExploreVC.swift */,
				503F17AA20ED2066005FBA10 /* Home */,
				503F17AB20ED207C005FBA10 /* HomeDetail */,
				503F17B020ED21FD005FBA10 /* More */,
			);
			path = HomeTab;
			sourceTree = "<group>";
		};
		5051E9A020EC8F5600CFFB5C /* FavoriteTab */ = {
			isa = PBXGroup;
			children = (
				503F542720EA088C00F85074 /* FavoriteVC.swift */,
				5051E9A120EC923300CFFB5C /* FavoriteTVCell.swift */,
				5051E9A320EC924B00CFFB5C /* FavoriteCVCell.swift */,
			);
			path = FavoriteTab;
			sourceTree = "<group>";
		};
		505E418120E8636600D769C9 = {
			isa = PBXGroup;
			children = (
				505E418C20E8636600D769C9 /* TravelMaker */,
				505E418B20E8636600D769C9 /* Products */,
				151B5146A00D5361A727E3BB /* Pods */,
				10B2BCE69A0550A9F6E4B86D /* Frameworks */,
			);
			sourceTree = "<group>";
		};
		505E418B20E8636600D769C9 /* Products */ = {
			isa = PBXGroup;
			children = (
				505E418A20E8636600D769C9 /* TravelMaker.app */,
			);
			name = Products;
			sourceTree = "<group>";
		};
		505E418C20E8636600D769C9 /* TravelMaker */ = {
			isa = PBXGroup;
			children = (
				505E418D20E8636600D769C9 /* AppDelegate.swift */,
				5007452320E876A3001394A7 /* Storyboard */,
				5007452220E8768D001394A7 /* ViewController */,
				5007452420E876CC001394A7 /* Util */,
				503F543220EA4E4000F85074 /* Resources */,
				505E419920E8636700D769C9 /* Info.plist */,
			);
			path = TravelMaker;
			sourceTree = "<group>";
		};
/* End PBXGroup section */

/* Begin PBXNativeTarget section */
		505E418920E8636600D769C9 /* TravelMaker */ = {
			isa = PBXNativeTarget;
			buildConfigurationList = 505E419C20E8636700D769C9 /* Build configuration list for PBXNativeTarget "TravelMaker" */;
			buildPhases = (
				703E59A118BD37962862ADEE /* [CP] Check Pods Manifest.lock */,
				505E418620E8636600D769C9 /* Sources */,
				505E418720E8636600D769C9 /* Frameworks */,
				505E418820E8636600D769C9 /* Resources */,
				4BB9ED31F16745D7C9B686C7 /* [CP] Embed Pods Frameworks */,
			);
			buildRules = (
			);
			dependencies = (
			);
			name = TravelMaker;
			productName = TravelMaker;
			productReference = 505E418A20E8636600D769C9 /* TravelMaker.app */;
			productType = "com.apple.product-type.application";
		};
/* End PBXNativeTarget section */

/* Begin PBXProject section */
		505E418220E8636600D769C9 /* Project object */ = {
			isa = PBXProject;
			attributes = {
				LastSwiftUpdateCheck = 0940;
				LastUpgradeCheck = 0940;
				ORGANIZATIONNAME = GGOMMI;
				TargetAttributes = {
					505E418920E8636600D769C9 = {
						CreatedOnToolsVersion = 9.4.1;
					};
				};
			};
			buildConfigurationList = 505E418520E8636600D769C9 /* Build configuration list for PBXProject "TravelMaker" */;
			compatibilityVersion = "Xcode 9.3";
			developmentRegion = en;
			hasScannedForEncodings = 0;
			knownRegions = (
				en,
				Base,
			);
			mainGroup = 505E418120E8636600D769C9;
			productRefGroup = 505E418B20E8636600D769C9 /* Products */;
			projectDirPath = "";
			projectRoot = "";
			targets = (
				505E418920E8636600D769C9 /* TravelMaker */,
			);
		};
/* End PBXProject section */

/* Begin PBXResourcesBuildPhase section */
		505E418820E8636600D769C9 /* Resources */ = {
			isa = PBXResourcesBuildPhase;
			buildActionMask = 2147483647;
			files = (
				505E419820E8636700D769C9 /* LaunchScreen.storyboard in Resources */,
				50601F5220EA8982008C95DA /* NotoSansKR-Medium.otf in Resources */,
				50601F5120EA8982008C95DA /* NotoSansKR-Thin-Windows.otf in Resources */,
				50601F5020EA8982008C95DA /* NotoSansKR-Regular.otf in Resources */,
				50467FB420EDC0F800943BB8 /* Assets.xcassets in Resources */,
				505E419320E8636600D769C9 /* Main.storyboard in Resources */,
				503F542420EA07E400F85074 /* Sub.storyboard in Resources */,
			);
			runOnlyForDeploymentPostprocessing = 0;
		};
/* End PBXResourcesBuildPhase section */

/* Begin PBXShellScriptBuildPhase section */
		4BB9ED31F16745D7C9B686C7 /* [CP] Embed Pods Frameworks */ = {
			isa = PBXShellScriptBuildPhase;
			buildActionMask = 2147483647;
			files = (
			);
			inputPaths = (
				"${SRCROOT}/Pods/Target Support Files/Pods-TravelMaker/Pods-TravelMaker-frameworks.sh",
				"${BUILT_PRODUCTS_DIR}/Alamofire/Alamofire.framework",
				"${PODS_ROOT}/naveridlogin-sdk-ios/NaverThirdPartyLogin.framework",
			);
			name = "[CP] Embed Pods Frameworks";
			outputPaths = (
				"${TARGET_BUILD_DIR}/${FRAMEWORKS_FOLDER_PATH}/Alamofire.framework",
				"${TARGET_BUILD_DIR}/${FRAMEWORKS_FOLDER_PATH}/NaverThirdPartyLogin.framework",
			);
			runOnlyForDeploymentPostprocessing = 0;
			shellPath = /bin/sh;
			shellScript = "\"${SRCROOT}/Pods/Target Support Files/Pods-TravelMaker/Pods-TravelMaker-frameworks.sh\"\n";
			showEnvVarsInLog = 0;
		};
		703E59A118BD37962862ADEE /* [CP] Check Pods Manifest.lock */ = {
			isa = PBXShellScriptBuildPhase;
			buildActionMask = 2147483647;
			files = (
			);
			inputPaths = (
				"${PODS_PODFILE_DIR_PATH}/Podfile.lock",
				"${PODS_ROOT}/Manifest.lock",
			);
			name = "[CP] Check Pods Manifest.lock";
			outputPaths = (
				"$(DERIVED_FILE_DIR)/Pods-TravelMaker-checkManifestLockResult.txt",
			);
			runOnlyForDeploymentPostprocessing = 0;
			shellPath = /bin/sh;
			shellScript = "diff \"${PODS_PODFILE_DIR_PATH}/Podfile.lock\" \"${PODS_ROOT}/Manifest.lock\" > /dev/null\nif [ $? != 0 ] ; then\n    # print error to STDERR\n    echo \"error: The sandbox is not in sync with the Podfile.lock. Run 'pod install' or update your CocoaPods installation.\" >&2\n    exit 1\nfi\n# This output is used by Xcode 'outputs' to avoid re-running this script phase.\necho \"SUCCESS\" > \"${SCRIPT_OUTPUT_FILE_0}\"\n";
			showEnvVarsInLog = 0;
		};
/* End PBXShellScriptBuildPhase section */

/* Begin PBXSourcesBuildPhase section */
		505E418620E8636600D769C9 /* Sources */ = {
			isa = PBXSourcesBuildPhase;
			buildActionMask = 2147483647;
			files = (
				503F17B420ED22A2005FBA10 /* MoreExpertTVCell.swift in Sources */,
				503F542A20EA0A4000F85074 /* ReceivePlanVC.swift in Sources */,
				50467FC520EF38AE00943BB8 /* ExpertDetailVC.swift in Sources */,
				3A4F8FA120EFB06600B058B8 /* SendPalnTVCell2.swift in Sources */,
				50467FD720EF600700943BB8 /* WriteApplyTVCell1.swift in Sources */,
				3A0935FC20F05E8000AFBB33 /* InfoPriceTVCell.swift in Sources */,
				50467FD220EF600700943BB8 /* ShowApplyTVCell1.swift in Sources */,
				503F17BA20ED230A005FBA10 /* MoreApplyTVCell.swift in Sources */,
				503F542E20EA0B0700F85074 /* MyPageVC.swift in Sources */,
				3A0935F420F05D9E00AFBB33 /* PlaceVC.swift in Sources */,
				503F17AF20ED20FE005FBA10 /* HomeDetailTVCell.swift in Sources */,
				50467FB720EDF7BA00943BB8 /* CountryVO.swift in Sources */,
				50467FD320EF600700943BB8 /* ShowApplyVC.swift in Sources */,
				5051E97620EBD48700CFFB5C /* HomeTVCell.swift in Sources */,
				503F543120EA151400F85074 /* ExploreVC.swift in Sources */,
				50467FD120EF600700943BB8 /* ExpertApplyTVCell1.swift in Sources */,
				50467FD820EF600700943BB8 /* WriteApplyVC.swift in Sources */,
				50467FDA20EF600700943BB8 /* ShowApplyTVCell2.swift in Sources */,
				503F542620EA088100F85074 /* HomeVC.swift in Sources */,
				503F541B20E9D50D00F85074 /* MainVC.swift in Sources */,
				50467FD620EF600700943BB8 /* ExpertApplyTVCell3.swift in Sources */,
				3A0935FE20F05E8A00AFBB33 /* InfoRouteTVCell.swift in Sources */,
				503F542C20EA0AC500F85074 /* SendPlanVC.swift in Sources */,
				3A0935FA20F05E4E00AFBB33 /* InfoMemoTVCell.swift in Sources */,
				5051E9A420EC924B00CFFB5C /* FavoriteCVCell.swift in Sources */,
				5051E97920EBD52600CFFB5C /* HomeCVCell.swift in Sources */,
				50467FBE20EE4FCB00943BB8 /* enums.swift in Sources */,
				5051E97B20EBD71100CFFB5C /* HomeTVHCell.swift in Sources */,
				50467FD520EF600700943BB8 /* ExpertApplyTVCell2.swift in Sources */,
				5051E9A220EC923300CFFB5C /* FavoriteTVCell.swift in Sources */,
				503F541D20E9FF0600F85074 /* ToggleButton.swift in Sources */,
				50467FB920EE0B4300943BB8 /* PopUpFilterVC.swift in Sources */,
				503F17AD20ED20A8005FBA10 /* HomeDetailVC.swift in Sources */,
				50467FD920EF600700943BB8 /* ExpertApplyVC.swift in Sources */,
				3A4F8F9D20EF9D0700B058B8 /* ReceivePlanTVCell2.swift in Sources */,
				50467FBC20EE4FB600943BB8 /* HttpResponseCode.swift in Sources */,
				50E80A8020EB5C2B00B427A3 /* ExtensionControl.swift in Sources */,
				50E80A8220EB5FD600B427A3 /* APIService.swift in Sources */,
				3A0935F820F05E3700AFBB33 /* InfoTitleTVCell.swift in Sources */,
				3A0935F620F05E1E00AFBB33 /* PlaceTVCell.swift in Sources */,
				503F17B220ED2276005FBA10 /* MoreExpertVC.swift in Sources */,
				3A09360620F0914900AFBB33 /* DateListTVCell.swift in Sources */,
				503F541F20E9FFD300F85074 /* JoinVC.swift in Sources */,
				503F542820EA088C00F85074 /* FavoriteVC.swift in Sources */,
				505E418E20E8636600D769C9 /* AppDelegate.swift in Sources */,
				503F17B820ED22E5005FBA10 /* MoreApplyVC.swift in Sources */,
				3A4F8F9B20EF9CFD00B058B8 /* ReceivePlanTVCell1.swift in Sources */,
				50467FD420EF600700943BB8 /* WriteApplyTVCell2.swift in Sources */,
				3A09360420F0913500AFBB33 /* DateListVC.swift in Sources */,
				3A4F8F9F20EFB05A00B058B8 /* SendPalnTVCell1.swift in Sources */,
			);
			runOnlyForDeploymentPostprocessing = 0;
		};
/* End PBXSourcesBuildPhase section */

/* Begin PBXVariantGroup section */
		505E419120E8636600D769C9 /* Main.storyboard */ = {
			isa = PBXVariantGroup;
			children = (
				505E419220E8636600D769C9 /* Base */,
			);
			name = Main.storyboard;
			sourceTree = "<group>";
		};
		505E419620E8636700D769C9 /* LaunchScreen.storyboard */ = {
			isa = PBXVariantGroup;
			children = (
				505E419720E8636700D769C9 /* Base */,
			);
			name = LaunchScreen.storyboard;
			sourceTree = "<group>";
		};
/* End PBXVariantGroup section */

/* Begin XCBuildConfiguration section */
		505E419A20E8636700D769C9 /* Debug */ = {
			isa = XCBuildConfiguration;
			buildSettings = {
				ALWAYS_SEARCH_USER_PATHS = NO;
				CLANG_ANALYZER_NONNULL = YES;
				CLANG_ANALYZER_NUMBER_OBJECT_CONVERSION = YES_AGGRESSIVE;
				CLANG_CXX_LANGUAGE_STANDARD = "gnu++14";
				CLANG_CXX_LIBRARY = "libc++";
				CLANG_ENABLE_MODULES = YES;
				CLANG_ENABLE_OBJC_ARC = YES;
				CLANG_ENABLE_OBJC_WEAK = YES;
				CLANG_WARN_BLOCK_CAPTURE_AUTORELEASING = YES;
				CLANG_WARN_BOOL_CONVERSION = YES;
				CLANG_WARN_COMMA = YES;
				CLANG_WARN_CONSTANT_CONVERSION = YES;
				CLANG_WARN_DEPRECATED_OBJC_IMPLEMENTATIONS = YES;
				CLANG_WARN_DIRECT_OBJC_ISA_USAGE = YES_ERROR;
				CLANG_WARN_DOCUMENTATION_COMMENTS = YES;
				CLANG_WARN_EMPTY_BODY = YES;
				CLANG_WARN_ENUM_CONVERSION = YES;
				CLANG_WARN_INFINITE_RECURSION = YES;
				CLANG_WARN_INT_CONVERSION = YES;
				CLANG_WARN_NON_LITERAL_NULL_CONVERSION = YES;
				CLANG_WARN_OBJC_IMPLICIT_RETAIN_SELF = YES;
				CLANG_WARN_OBJC_LITERAL_CONVERSION = YES;
				CLANG_WARN_OBJC_ROOT_CLASS = YES_ERROR;
				CLANG_WARN_RANGE_LOOP_ANALYSIS = YES;
				CLANG_WARN_STRICT_PROTOTYPES = YES;
				CLANG_WARN_SUSPICIOUS_MOVE = YES;
				CLANG_WARN_UNGUARDED_AVAILABILITY = YES_AGGRESSIVE;
				CLANG_WARN_UNREACHABLE_CODE = YES;
				CLANG_WARN__DUPLICATE_METHOD_MATCH = YES;
				CODE_SIGN_IDENTITY = "iPhone Developer";
				COPY_PHASE_STRIP = NO;
				DEBUG_INFORMATION_FORMAT = dwarf;
				ENABLE_STRICT_OBJC_MSGSEND = YES;
				ENABLE_TESTABILITY = YES;
				GCC_C_LANGUAGE_STANDARD = gnu11;
				GCC_DYNAMIC_NO_PIC = NO;
				GCC_NO_COMMON_BLOCKS = YES;
				GCC_OPTIMIZATION_LEVEL = 0;
				GCC_PREPROCESSOR_DEFINITIONS = (
					"DEBUG=1",
					"$(inherited)",
				);
				GCC_WARN_64_TO_32_BIT_CONVERSION = YES;
				GCC_WARN_ABOUT_RETURN_TYPE = YES_ERROR;
				GCC_WARN_UNDECLARED_SELECTOR = YES;
				GCC_WARN_UNINITIALIZED_AUTOS = YES_AGGRESSIVE;
				GCC_WARN_UNUSED_FUNCTION = YES;
				GCC_WARN_UNUSED_VARIABLE = YES;
				IPHONEOS_DEPLOYMENT_TARGET = 11.4;
				MTL_ENABLE_DEBUG_INFO = YES;
				ONLY_ACTIVE_ARCH = YES;
				SDKROOT = iphoneos;
				SWIFT_ACTIVE_COMPILATION_CONDITIONS = DEBUG;
				SWIFT_OPTIMIZATION_LEVEL = "-Onone";
			};
			name = Debug;
		};
		505E419B20E8636700D769C9 /* Release */ = {
			isa = XCBuildConfiguration;
			buildSettings = {
				ALWAYS_SEARCH_USER_PATHS = NO;
				CLANG_ANALYZER_NONNULL = YES;
				CLANG_ANALYZER_NUMBER_OBJECT_CONVERSION = YES_AGGRESSIVE;
				CLANG_CXX_LANGUAGE_STANDARD = "gnu++14";
				CLANG_CXX_LIBRARY = "libc++";
				CLANG_ENABLE_MODULES = YES;
				CLANG_ENABLE_OBJC_ARC = YES;
				CLANG_ENABLE_OBJC_WEAK = YES;
				CLANG_WARN_BLOCK_CAPTURE_AUTORELEASING = YES;
				CLANG_WARN_BOOL_CONVERSION = YES;
				CLANG_WARN_COMMA = YES;
				CLANG_WARN_CONSTANT_CONVERSION = YES;
				CLANG_WARN_DEPRECATED_OBJC_IMPLEMENTATIONS = YES;
				CLANG_WARN_DIRECT_OBJC_ISA_USAGE = YES_ERROR;
				CLANG_WARN_DOCUMENTATION_COMMENTS = YES;
				CLANG_WARN_EMPTY_BODY = YES;
				CLANG_WARN_ENUM_CONVERSION = YES;
				CLANG_WARN_INFINITE_RECURSION = YES;
				CLANG_WARN_INT_CONVERSION = YES;
				CLANG_WARN_NON_LITERAL_NULL_CONVERSION = YES;
				CLANG_WARN_OBJC_IMPLICIT_RETAIN_SELF = YES;
				CLANG_WARN_OBJC_LITERAL_CONVERSION = YES;
				CLANG_WARN_OBJC_ROOT_CLASS = YES_ERROR;
				CLANG_WARN_RANGE_LOOP_ANALYSIS = YES;
				CLANG_WARN_STRICT_PROTOTYPES = YES;
				CLANG_WARN_SUSPICIOUS_MOVE = YES;
				CLANG_WARN_UNGUARDED_AVAILABILITY = YES_AGGRESSIVE;
				CLANG_WARN_UNREACHABLE_CODE = YES;
				CLANG_WARN__DUPLICATE_METHOD_MATCH = YES;
				CODE_SIGN_IDENTITY = "iPhone Developer";
				COPY_PHASE_STRIP = NO;
				DEBUG_INFORMATION_FORMAT = "dwarf-with-dsym";
				ENABLE_NS_ASSERTIONS = NO;
				ENABLE_STRICT_OBJC_MSGSEND = YES;
				GCC_C_LANGUAGE_STANDARD = gnu11;
				GCC_NO_COMMON_BLOCKS = YES;
				GCC_WARN_64_TO_32_BIT_CONVERSION = YES;
				GCC_WARN_ABOUT_RETURN_TYPE = YES_ERROR;
				GCC_WARN_UNDECLARED_SELECTOR = YES;
				GCC_WARN_UNINITIALIZED_AUTOS = YES_AGGRESSIVE;
				GCC_WARN_UNUSED_FUNCTION = YES;
				GCC_WARN_UNUSED_VARIABLE = YES;
				IPHONEOS_DEPLOYMENT_TARGET = 11.4;
				MTL_ENABLE_DEBUG_INFO = NO;
				SDKROOT = iphoneos;
				SWIFT_COMPILATION_MODE = wholemodule;
				SWIFT_OPTIMIZATION_LEVEL = "-O";
				VALIDATE_PRODUCT = YES;
			};
			name = Release;
		};
		505E419D20E8636700D769C9 /* Debug */ = {
			isa = XCBuildConfiguration;
			baseConfigurationReference = 2600F68A9D0110ABCF8A06B2 /* Pods-TravelMaker.debug.xcconfig */;
			buildSettings = {
				ASSETCATALOG_COMPILER_APPICON_NAME = AppIcon;
				CODE_SIGN_STYLE = Automatic;
				DEVELOPMENT_TEAM = C99ST777A5;
				INFOPLIST_FILE = TravelMaker/Info.plist;
				LD_RUNPATH_SEARCH_PATHS = (
					"$(inherited)",
					"@executable_path/Frameworks",
				);
				PRODUCT_BUNDLE_IDENTIFIER = com.spot.TravelMaker;
				PRODUCT_NAME = "$(TARGET_NAME)";
				SWIFT_VERSION = 4.0;
				TARGETED_DEVICE_FAMILY = "1,2";
			};
			name = Debug;
		};
		505E419E20E8636700D769C9 /* Release */ = {
			isa = XCBuildConfiguration;
			baseConfigurationReference = 1BDAEB0AF36657CC7A79C3A7 /* Pods-TravelMaker.release.xcconfig */;
			buildSettings = {
				ASSETCATALOG_COMPILER_APPICON_NAME = AppIcon;
				CODE_SIGN_STYLE = Automatic;
				DEVELOPMENT_TEAM = C99ST777A5;
				INFOPLIST_FILE = TravelMaker/Info.plist;
				LD_RUNPATH_SEARCH_PATHS = (
					"$(inherited)",
					"@executable_path/Frameworks",
				);
				PRODUCT_BUNDLE_IDENTIFIER = com.spot.TravelMaker;
				PRODUCT_NAME = "$(TARGET_NAME)";
				SWIFT_VERSION = 4.0;
				TARGETED_DEVICE_FAMILY = "1,2";
			};
			name = Release;
		};
/* End XCBuildConfiguration section */

/* Begin XCConfigurationList section */
		505E418520E8636600D769C9 /* Build configuration list for PBXProject "TravelMaker" */ = {
			isa = XCConfigurationList;
			buildConfigurations = (
				505E419A20E8636700D769C9 /* Debug */,
				505E419B20E8636700D769C9 /* Release */,
			);
			defaultConfigurationIsVisible = 0;
			defaultConfigurationName = Release;
		};
		505E419C20E8636700D769C9 /* Build configuration list for PBXNativeTarget "TravelMaker" */ = {
			isa = XCConfigurationList;
			buildConfigurations = (
				505E419D20E8636700D769C9 /* Debug */,
				505E419E20E8636700D769C9 /* Release */,
			);
			defaultConfigurationIsVisible = 0;
			defaultConfigurationName = Release;
		};
/* End XCConfigurationList section */
	};
	rootObject = 505E418220E8636600D769C9 /* Project object */;
}
